
Microsoft Visual Studio Solution File, Format Version 12.00
Project("{FAE04EC0-301F-11D3-BF4B-00C04F79EFBC}") = "CRM_SAAS", "CRM_SAAS\CRM_SAAS.csproj", "{DE01C5EE-FAAF-4501-B458-AFBD922FF74D}"
EndProject
Project("{FAE04EC0-301F-11D3-BF4B-00C04F79EFBC}") = "CRM.API", "CRM.API\CRM.API.csproj", "{AF73D1FD-5B59-4C91-8366-6A8391C9106E}"
EndProject
Project("{2150E333-8FDC-42A3-9474-1A3956D46DE8}") = "Api", "Api", "{DB776D47-C912-4E03-906B-18D9A1E67BE5}"
EndProject
Project("{2150E333-8FDC-42A3-9474-1A3956D46DE8}") = "Client", "Client", "{D20C0521-E803-414A-A31D-536C5B012E8E}"
EndProject
Project("{FAE04EC0-301F-11D3-BF4B-00C04F79EFBC}") = "Application", "Application\Application.csproj", "{6C397D16-CCFD-4868-85B5-20DDB87F0DAF}"
EndProject
Project("{FAE04EC0-301F-11D3-BF4B-00C04F79EFBC}") = "Infrastructure", "Infrastructure\Infrastructure.csproj", "{7AB112FB-9644-4633-A194-635E5F13271B}"
EndProject
Project("{FAE04EC0-301F-11D3-BF4B-00C04F79EFBC}") = "Domain", "Domain\Domain.csproj", "{681B0942-4380-47E0-A4DF-87E984A90039}"
EndProject
Project("{FAE04EC0-301F-11D3-BF4B-00C04F79EFBC}") = "Infra.Data", "Infra.Data\Infra.Data.csproj", "{03B85DA9-37EE-4DA3-AEA0-FDE4427BAC6A}"
EndProject
Project("{FAE04EC0-301F-11D3-BF4B-00C04F79EFBC}") = "Infra.Ioc", "Infra.Ioc\Infra.Ioc.csproj", "{70F1F994-2DE8-4052-AECC-ACEB4514E908}"
EndProject
Global
	GlobalSection(SolutionConfigurationPlatforms) = preSolution
		Debug|Any CPU = Debug|Any CPU
		Release|Any CPU = Release|Any CPU
	EndGlobalSection
	GlobalSection(ProjectConfigurationPlatforms) = postSolution
		{DE01C5EE-FAAF-4501-B458-AFBD922FF74D}.Debug|Any CPU.ActiveCfg = Debug|Any CPU
		{DE01C5EE-FAAF-4501-B458-AFBD922FF74D}.Debug|Any CPU.Build.0 = Debug|Any CPU
		{DE01C5EE-FAAF-4501-B458-AFBD922FF74D}.Release|Any CPU.ActiveCfg = Release|Any CPU
		{DE01C5EE-FAAF-4501-B458-AFBD922FF74D}.Release|Any CPU.Build.0 = Release|Any CPU
		{AF73D1FD-5B59-4C91-8366-6A8391C9106E}.Debug|Any CPU.ActiveCfg = Debug|Any CPU
		{AF73D1FD-5B59-4C91-8366-6A8391C9106E}.Debug|Any CPU.Build.0 = Debug|Any CPU
		{AF73D1FD-5B59-4C91-8366-6A8391C9106E}.Release|Any CPU.ActiveCfg = Release|Any CPU
		{AF73D1FD-5B59-4C91-8366-6A8391C9106E}.Release|Any CPU.Build.0 = Release|Any CPU
		{6C397D16-CCFD-4868-85B5-20DDB87F0DAF}.Debug|Any CPU.ActiveCfg = Debug|Any CPU
		{6C397D16-CCFD-4868-85B5-20DDB87F0DAF}.Debug|Any CPU.Build.0 = Debug|Any CPU
		{6C397D16-CCFD-4868-85B5-20DDB87F0DAF}.Release|Any CPU.ActiveCfg = Release|Any CPU
		{6C397D16-CCFD-4868-85B5-20DDB87F0DAF}.Release|Any CPU.Build.0 = Release|Any CPU
		{7AB112FB-9644-4633-A194-635E5F13271B}.Debug|Any CPU.ActiveCfg = Debug|Any CPU
		{7AB112FB-9644-4633-A194-635E5F13271B}.Debug|Any CPU.Build.0 = Debug|Any CPU
		{7AB112FB-9644-4633-A194-635E5F13271B}.Release|Any CPU.ActiveCfg = Release|Any CPU
		{7AB112FB-9644-4633-A194-635E5F13271B}.Release|Any CPU.Build.0 = Release|Any CPU
		{681B0942-4380-47E0-A4DF-87E984A90039}.Debug|Any CPU.ActiveCfg = Debug|Any CPU
		{681B0942-4380-47E0-A4DF-87E984A90039}.Debug|Any CPU.Build.0 = Debug|Any CPU
		{681B0942-4380-47E0-A4DF-87E984A90039}.Release|Any CPU.ActiveCfg = Release|Any CPU
		{681B0942-4380-47E0-A4DF-87E984A90039}.Release|Any CPU.Build.0 = Release|Any CPU
		{03B85DA9-37EE-4DA3-AEA0-FDE4427BAC6A}.Debug|Any CPU.ActiveCfg = Debug|Any CPU
		{03B85DA9-37EE-4DA3-AEA0-FDE4427BAC6A}.Debug|Any CPU.Build.0 = Debug|Any CPU
		{03B85DA9-37EE-4DA3-AEA0-FDE4427BAC6A}.Release|Any CPU.ActiveCfg = Release|Any CPU
		{03B85DA9-37EE-4DA3-AEA0-FDE4427BAC6A}.Release|Any CPU.Build.0 = Release|Any CPU
		{70F1F994-2DE8-4052-AECC-ACEB4514E908}.Debug|Any CPU.ActiveCfg = Debug|Any CPU
		{70F1F994-2DE8-4052-AECC-ACEB4514E908}.Debug|Any CPU.Build.0 = Debug|Any CPU
		{70F1F994-2DE8-4052-AECC-ACEB4514E908}.Release|Any CPU.ActiveCfg = Release|Any CPU
		{70F1F994-2DE8-4052-AECC-ACEB4514E908}.Release|Any CPU.Build.0 = Release|Any CPU
	EndGlobalSection
	GlobalSection(NestedProjects) = preSolution
		{AF73D1FD-5B59-4C91-8366-6A8391C9106E} = {DB776D47-C912-4E03-906B-18D9A1E67BE5}
		{DE01C5EE-FAAF-4501-B458-AFBD922FF74D} = {D20C0521-E803-414A-A31D-536C5B012E8E}
		{6C397D16-CCFD-4868-85B5-20DDB87F0DAF} = {DB776D47-C912-4E03-906B-18D9A1E67BE5}
		{7AB112FB-9644-4633-A194-635E5F13271B} = {DB776D47-C912-4E03-906B-18D9A1E67BE5}
		{681B0942-4380-47E0-A4DF-87E984A90039} = {DB776D47-C912-4E03-906B-18D9A1E67BE5}
		{03B85DA9-37EE-4DA3-AEA0-FDE4427BAC6A} = {DB776D47-C912-4E03-906B-18D9A1E67BE5}
		{70F1F994-2DE8-4052-AECC-ACEB4514E908} = {DB776D47-C912-4E03-906B-18D9A1E67BE5}
	EndGlobalSection
EndGlobal
